
Microsoft Visual Studio Solution File, Format Version 12.00
# Visual Studio Version 17
VisualStudioVersion = 17.10.35122.118
MinimumVisualStudioVersion = 10.0.40219.1
Project("{FAE04EC0-301F-11D3-BF4B-00C04F79EFBC}") = "AlgoESAddonWindow", "AlgoESAddonWindow\AlgoESAddonWindow.csproj", "{F7126338-DECA-4957-AF27-DEB59BCD16DD}"
EndProject
Global
	GlobalSection(SolutionConfigurationPlatforms) = preSolution
		Debug|Any CPU = Debug|Any CPU
		Release|Any CPU = Release|Any CPU
	EndGlobalSection
	GlobalSection(ProjectConfigurationPlatforms) = postSolution
		{F7126338-DECA-4957-AF27-DEB59BCD16DD}.Debug|Any CPU.ActiveCfg = Debug|Any CPU
		{F7126338-DECA-4957-AF27-DEB59BCD16DD}.Debug|Any CPU.Build.0 = Debug|Any CPU
		{F7126338-DECA-4957-AF27-DEB59BCD16DD}.Release|Any CPU.ActiveCfg = Release|Any CPU
		{F7126338-DECA-4957-AF27-DEB59BCD16DD}.Release|Any CPU.Build.0 = Release|Any CPU
	EndGlobalSection
	GlobalSection(SolutionProperties) = preSolution
		HideSolutionNode = FALSE
	EndGlobalSection
	GlobalSection(ExtensibilityGlobals) = postSolution
		SolutionGuid = {01AC66F3-8929-44B0-92E1-5924D12BAACF}
	EndGlobalSection
EndGlobal
